// !$*UTF8*$!
{
	archiveVersion = 1;
	classes = {
	};
	objectVersion = 46;
	objects = {

/* Begin PBXBuildFile section */
		070BFEF41F7265CC002A7E9D /* NoNetViewController.m in Sources */ = {isa = PBXBuildFile; fileRef = 070BFEF31F7265CC002A7E9D /* NoNetViewController.m */; };
		070CF4B11F71179A0041AEA6 /* main.m in Sources */ = {isa = PBXBuildFile; fileRef = 070CF4B01F71179A0041AEA6 /* main.m */; };
		070CF4B41F71179A0041AEA6 /* AppDelegate.m in Sources */ = {isa = PBXBuildFile; fileRef = 070CF4B31F71179A0041AEA6 /* AppDelegate.m */; };
		070CF4B71F71179A0041AEA6 /* ViewController.m in Sources */ = {isa = PBXBuildFile; fileRef = 070CF4B61F71179A0041AEA6 /* ViewController.m */; };
		070CF4BA1F71179A0041AEA6 /* Main.storyboard in Resources */ = {isa = PBXBuildFile; fileRef = 070CF4B81F71179A0041AEA6 /* Main.storyboard */; };
		070CF4BC1F71179A0041AEA6 /* Assets.xcassets in Resources */ = {isa = PBXBuildFile; fileRef = 070CF4BB1F71179A0041AEA6 /* Assets.xcassets */; };
		070CF4BF1F71179A0041AEA6 /* LaunchScreen.storyboard in Resources */ = {isa = PBXBuildFile; fileRef = 070CF4BD1F71179A0041AEA6 /* LaunchScreen.storyboard */; };
		070CF4CA1F71179B0041AEA6 /* h5gameTests.m in Sources */ = {isa = PBXBuildFile; fileRef = 070CF4C91F71179B0041AEA6 /* h5gameTests.m */; };
		070CF4D51F71179B0041AEA6 /* h5gameUITests.m in Sources */ = {isa = PBXBuildFile; fileRef = 070CF4D41F71179B0041AEA6 /* h5gameUITests.m */; };
		070CF4E41F7117C40041AEA6 /* GameWebView.m in Sources */ = {isa = PBXBuildFile; fileRef = 070CF4E31F7117C40041AEA6 /* GameWebView.m */; };
		070CF4E91F711A110041AEA6 /* inApp.html in Resources */ = {isa = PBXBuildFile; fileRef = 070CF4E61F711A110041AEA6 /* inApp.html */; };
		070CF4EA1F711A110041AEA6 /* inAppindex.js in Resources */ = {isa = PBXBuildFile; fileRef = 070CF4E71F711A110041AEA6 /* inAppindex.js */; };
		070CF4EB1F711A110041AEA6 /* inAppjq.js in Resources */ = {isa = PBXBuildFile; fileRef = 070CF4E81F711A110041AEA6 /* inAppjq.js */; };
		0772474A1F81F3290058D4FF /* img in Resources */ = {isa = PBXBuildFile; fileRef = 077247471F81F3290058D4FF /* img */; };
		0772474B1F81F3290058D4FF /* index.html in Resources */ = {isa = PBXBuildFile; fileRef = 077247481F81F3290058D4FF /* index.html */; };
		0772474C1F81F3290058D4FF /* js in Resources */ = {isa = PBXBuildFile; fileRef = 077247491F81F3290058D4FF /* js */; };
		077247531F81F5E10058D4FF /* Messages.framework in Frameworks */ = {isa = PBXBuildFile; fileRef = 077247521F81F5E10058D4FF /* Messages.framework */; };
		077247571F81F5E10058D4FF /* MessagesViewController.m in Sources */ = {isa = PBXBuildFile; fileRef = 077247561F81F5E10058D4FF /* MessagesViewController.m */; };
		0772475A1F81F5E10058D4FF /* MainInterface.storyboard in Resources */ = {isa = PBXBuildFile; fileRef = 077247581F81F5E10058D4FF /* MainInterface.storyboard */; };
		0772475C1F81F5E10058D4FF /* Assets.xcassets in Resources */ = {isa = PBXBuildFile; fileRef = 0772475B1F81F5E10058D4FF /* Assets.xcassets */; };
		077247601F81F5E10058D4FF /* message.appex in Embed App Extensions */ = {isa = PBXBuildFile; fileRef = 077247511F81F5E10058D4FF /* message.appex */; settings = {ATTRIBUTES = (RemoveHeadersOnCopy, ); }; };
		077247741F81F5FF0058D4FF /* DViewController.m in Sources */ = {isa = PBXBuildFile; fileRef = 077247661F81F5FF0058D4FF /* DViewController.m */; };
		077247751F81F5FF0058D4FF /* 1.png in Resources */ = {isa = PBXBuildFile; fileRef = 077247681F81F5FF0058D4FF /* 1.png */; };
		077247761F81F5FF0058D4FF /* 1m.png in Resources */ = {isa = PBXBuildFile; fileRef = 077247691F81F5FF0058D4FF /* 1m.png */; };
		077247771F81F5FF0058D4FF /* 2.png in Resources */ = {isa = PBXBuildFile; fileRef = 0772476A1F81F5FF0058D4FF /* 2.png */; };
		077247781F81F5FF0058D4FF /* 2m.png in Resources */ = {isa = PBXBuildFile; fileRef = 0772476B1F81F5FF0058D4FF /* 2m.png */; };
		077247791F81F5FF0058D4FF /* 3.png in Resources */ = {isa = PBXBuildFile; fileRef = 0772476C1F81F5FF0058D4FF /* 3.png */; };
		0772477A1F81F5FF0058D4FF /* 3m.png in Resources */ = {isa = PBXBuildFile; fileRef = 0772476D1F81F5FF0058D4FF /* 3m.png */; };
		0772477B1F81F5FF0058D4FF /* 4.png in Resources */ = {isa = PBXBuildFile; fileRef = 0772476E1F81F5FF0058D4FF /* 4.png */; };
		0772477C1F81F5FF0058D4FF /* 4m.png in Resources */ = {isa = PBXBuildFile; fileRef = 0772476F1F81F5FF0058D4FF /* 4m.png */; };
		0772477D1F81F5FF0058D4FF /* 5.png in Resources */ = {isa = PBXBuildFile; fileRef = 077247701F81F5FF0058D4FF /* 5.png */; };
		0772477E1F81F5FF0058D4FF /* 5m.png in Resources */ = {isa = PBXBuildFile; fileRef = 077247711F81F5FF0058D4FF /* 5m.png */; };
		0772477F1F81F5FF0058D4FF /* 6.png in Resources */ = {isa = PBXBuildFile; fileRef = 077247721F81F5FF0058D4FF /* 6.png */; };
		077247801F81F5FF0058D4FF /* 6m.png in Resources */ = {isa = PBXBuildFile; fileRef = 077247731F81F5FF0058D4FF /* 6m.png */; };
		0775FAF51F7A2C1900034EB2 /* webViewController.m in Sources */ = {isa = PBXBuildFile; fileRef = 0775FAF41F7A2C1900034EB2 /* webViewController.m */; };
		07BB765A1F7351C40008538A /* mainViewController.m in Sources */ = {isa = PBXBuildFile; fileRef = 07BB76551F7351C40008538A /* mainViewController.m */; };
		07BB765C1F7351C40008538A /* webViewTabBarController.m in Sources */ = {isa = PBXBuildFile; fileRef = 07BB76591F7351C40008538A /* webViewTabBarController.m */; };
		07BB765E1F7352590008538A /* UserNotifications.framework in Frameworks */ = {isa = PBXBuildFile; fileRef = 07BB765D1F7352590008538A /* UserNotifications.framework */; };
		1542260F4E65D0B28FED3581 /* Pods_h5game.framework in Frameworks */ = {isa = PBXBuildFile; fileRef = B1579E72E2FB921872786CE3 /* Pods_h5game.framework */; };
		3BE31017637D887C0F76879E /* Pods_h5gameTests.framework in Frameworks */ = {isa = PBXBuildFile; fileRef = CC1EB32DB49BCD7570063CB7 /* Pods_h5gameTests.framework */; };
		BFA9AE73A4D06D8A2027A7E1 /* Pods_h5gameUITests.framework in Frameworks */ = {isa = PBXBuildFile; fileRef = 766E04981EAC526B3D0515D4 /* Pods_h5gameUITests.framework */; };
/* End PBXBuildFile section */

/* Begin PBXContainerItemProxy section */
		070CF4C61F71179B0041AEA6 /* PBXContainerItemProxy */ = {
			isa = PBXContainerItemProxy;
			containerPortal = 070CF4A41F71179A0041AEA6 /* Project object */;
			proxyType = 1;
			remoteGlobalIDString = 070CF4AB1F71179A0041AEA6;
			remoteInfo = h5game;
		};
		070CF4D11F71179B0041AEA6 /* PBXContainerItemProxy */ = {
			isa = PBXContainerItemProxy;
			containerPortal = 070CF4A41F71179A0041AEA6 /* Project object */;
			proxyType = 1;
			remoteGlobalIDString = 070CF4AB1F71179A0041AEA6;
			remoteInfo = h5game;
		};
		0772475E1F81F5E10058D4FF /* PBXContainerItemProxy */ = {
			isa = PBXContainerItemProxy;
			containerPortal = 070CF4A41F71179A0041AEA6 /* Project object */;
			proxyType = 1;
			remoteGlobalIDString = 077247501F81F5E10058D4FF;
			remoteInfo = message;
		};
/* End PBXContainerItemProxy section */

/* Begin PBXCopyFilesBuildPhase section */
		077247641F81F5E10058D4FF /* Embed App Extensions */ = {
			isa = PBXCopyFilesBuildPhase;
			buildActionMask = 2147483647;
			dstPath = "";
			dstSubfolderSpec = 13;
			files = (
				077247601F81F5E10058D4FF /* message.appex in Embed App Extensions */,
			);
			name = "Embed App Extensions";
			runOnlyForDeploymentPostprocessing = 0;
		};
/* End PBXCopyFilesBuildPhase section */

/* Begin PBXFileReference section */
		05E1351C18DFEBD00CD10F19 /* Pods-h5game.release.xcconfig */ = {isa = PBXFileReference; includeInIndex = 1; lastKnownFileType = text.xcconfig; name = "Pods-h5game.release.xcconfig"; path = "Pods/Target Support Files/Pods-h5game/Pods-h5game.release.xcconfig"; sourceTree = "<group>"; };
		070BFEF21F7265CC002A7E9D /* NoNetViewController.h */ = {isa = PBXFileReference; fileEncoding = 4; lastKnownFileType = sourcecode.c.h; path = NoNetViewController.h; sourceTree = "<group>"; };
		070BFEF31F7265CC002A7E9D /* NoNetViewController.m */ = {isa = PBXFileReference; fileEncoding = 4; lastKnownFileType = sourcecode.c.objc; path = NoNetViewController.m; sourceTree = "<group>"; };
		070CF4AC1F71179A0041AEA6 /* h5game.app */ = {isa = PBXFileReference; explicitFileType = wrapper.application; includeInIndex = 0; path = h5game.app; sourceTree = BUILT_PRODUCTS_DIR; };
		070CF4B01F71179A0041AEA6 /* main.m */ = {isa = PBXFileReference; lastKnownFileType = sourcecode.c.objc; path = main.m; sourceTree = "<group>"; };
		070CF4B21F71179A0041AEA6 /* AppDelegate.h */ = {isa = PBXFileReference; lastKnownFileType = sourcecode.c.h; path = AppDelegate.h; sourceTree = "<group>"; };
		070CF4B31F71179A0041AEA6 /* AppDelegate.m */ = {isa = PBXFileReference; lastKnownFileType = sourcecode.c.objc; path = AppDelegate.m; sourceTree = "<group>"; };
		070CF4B51F71179A0041AEA6 /* ViewController.h */ = {isa = PBXFileReference; lastKnownFileType = sourcecode.c.h; path = ViewController.h; sourceTree = "<group>"; };
		070CF4B61F71179A0041AEA6 /* ViewController.m */ = {isa = PBXFileReference; lastKnownFileType = sourcecode.c.objc; path = ViewController.m; sourceTree = "<group>"; };
		070CF4B91F71179A0041AEA6 /* Base */ = {isa = PBXFileReference; lastKnownFileType = file.storyboard; name = Base; path = Base.lproj/Main.storyboard; sourceTree = "<group>"; };
		070CF4BB1F71179A0041AEA6 /* Assets.xcassets */ = {isa = PBXFileReference; lastKnownFileType = folder.assetcatalog; path = Assets.xcassets; sourceTree = "<group>"; };
		070CF4BE1F71179A0041AEA6 /* Base */ = {isa = PBXFileReference; lastKnownFileType = file.storyboard; name = Base; path = Base.lproj/LaunchScreen.storyboard; sourceTree = "<group>"; };
		070CF4C01F71179A0041AEA6 /* Info.plist */ = {isa = PBXFileReference; lastKnownFileType = text.plist.xml; path = Info.plist; sourceTree = "<group>"; };
		070CF4C51F71179B0041AEA6 /* h5gameTests.xctest */ = {isa = PBXFileReference; explicitFileType = wrapper.cfbundle; includeInIndex = 0; path = h5gameTests.xctest; sourceTree = BUILT_PRODUCTS_DIR; };
		070CF4C91F71179B0041AEA6 /* h5gameTests.m */ = {isa = PBXFileReference; lastKnownFileType = sourcecode.c.objc; path = h5gameTests.m; sourceTree = "<group>"; };
		070CF4CB1F71179B0041AEA6 /* Info.plist */ = {isa = PBXFileReference; lastKnownFileType = text.plist.xml; path = Info.plist; sourceTree = "<group>"; };
		070CF4D01F71179B0041AEA6 /* h5gameUITests.xctest */ = {isa = PBXFileReference; explicitFileType = wrapper.cfbundle; includeInIndex = 0; path = h5gameUITests.xctest; sourceTree = BUILT_PRODUCTS_DIR; };
		070CF4D41F71179B0041AEA6 /* h5gameUITests.m */ = {isa = PBXFileReference; lastKnownFileType = sourcecode.c.objc; path = h5gameUITests.m; sourceTree = "<group>"; };
		070CF4D61F71179B0041AEA6 /* Info.plist */ = {isa = PBXFileReference; lastKnownFileType = text.plist.xml; path = Info.plist; sourceTree = "<group>"; };
		070CF4E21F7117C40041AEA6 /* GameWebView.h */ = {isa = PBXFileReference; fileEncoding = 4; lastKnownFileType = sourcecode.c.h; path = GameWebView.h; sourceTree = "<group>"; };
		070CF4E31F7117C40041AEA6 /* GameWebView.m */ = {isa = PBXFileReference; fileEncoding = 4; lastKnownFileType = sourcecode.c.objc; path = GameWebView.m; sourceTree = "<group>"; };
		070CF4E61F711A110041AEA6 /* inApp.html */ = {isa = PBXFileReference; fileEncoding = 4; lastKnownFileType = text.html; path = inApp.html; sourceTree = "<group>"; };
		070CF4E71F711A110041AEA6 /* inAppindex.js */ = {isa = PBXFileReference; fileEncoding = 4; lastKnownFileType = sourcecode.javascript; path = inAppindex.js; sourceTree = "<group>"; };
		070CF4E81F711A110041AEA6 /* inAppjq.js */ = {isa = PBXFileReference; fileEncoding = 4; lastKnownFileType = sourcecode.javascript; path = inAppjq.js; sourceTree = "<group>"; };
		077247471F81F3290058D4FF /* img */ = {isa = PBXFileReference; lastKnownFileType = folder; path = img; sourceTree = "<group>"; };
		077247481F81F3290058D4FF /* index.html */ = {isa = PBXFileReference; fileEncoding = 4; lastKnownFileType = text.html; path = index.html; sourceTree = "<group>"; };
		077247491F81F3290058D4FF /* js */ = {isa = PBXFileReference; lastKnownFileType = folder; path = js; sourceTree = "<group>"; };
		077247511F81F5E10058D4FF /* message.appex */ = {isa = PBXFileReference; explicitFileType = "wrapper.app-extension"; includeInIndex = 0; path = message.appex; sourceTree = BUILT_PRODUCTS_DIR; };
		077247521F81F5E10058D4FF /* Messages.framework */ = {isa = PBXFileReference; lastKnownFileType = wrapper.framework; name = Messages.framework; path = System/Library/Frameworks/Messages.framework; sourceTree = SDKROOT; };
		077247551F81F5E10058D4FF /* MessagesViewController.h */ = {isa = PBXFileReference; lastKnownFileType = sourcecode.c.h; path = MessagesViewController.h; sourceTree = "<group>"; };
		077247561F81F5E10058D4FF /* MessagesViewController.m */ = {isa = PBXFileReference; lastKnownFileType = sourcecode.c.objc; path = MessagesViewController.m; sourceTree = "<group>"; };
		077247591F81F5E10058D4FF /* Base */ = {isa = PBXFileReference; lastKnownFileType = file.storyboard; name = Base; path = Base.lproj/MainInterface.storyboard; sourceTree = "<group>"; };
		0772475B1F81F5E10058D4FF /* Assets.xcassets */ = {isa = PBXFileReference; lastKnownFileType = folder.assetcatalog; path = Assets.xcassets; sourceTree = "<group>"; };
		0772475D1F81F5E10058D4FF /* Info.plist */ = {isa = PBXFileReference; lastKnownFileType = text.plist.xml; path = Info.plist; sourceTree = "<group>"; };
		077247651F81F5FF0058D4FF /* DViewController.h */ = {isa = PBXFileReference; fileEncoding = 4; lastKnownFileType = sourcecode.c.h; path = DViewController.h; sourceTree = "<group>"; };
		077247661F81F5FF0058D4FF /* DViewController.m */ = {isa = PBXFileReference; fileEncoding = 4; lastKnownFileType = sourcecode.c.objc; path = DViewController.m; sourceTree = "<group>"; };
		077247681F81F5FF0058D4FF /* 1.png */ = {isa = PBXFileReference; lastKnownFileType = image.png; path = 1.png; sourceTree = "<group>"; };
		077247691F81F5FF0058D4FF /* 1m.png */ = {isa = PBXFileReference; lastKnownFileType = image.png; path = 1m.png; sourceTree = "<group>"; };
		0772476A1F81F5FF0058D4FF /* 2.png */ = {isa = PBXFileReference; lastKnownFileType = image.png; path = 2.png; sourceTree = "<group>"; };
		0772476B1F81F5FF0058D4FF /* 2m.png */ = {isa = PBXFileReference; lastKnownFileType = image.png; path = 2m.png; sourceTree = "<group>"; };
		0772476C1F81F5FF0058D4FF /* 3.png */ = {isa = PBXFileReference; lastKnownFileType = image.png; path = 3.png; sourceTree = "<group>"; };
		0772476D1F81F5FF0058D4FF /* 3m.png */ = {isa = PBXFileReference; lastKnownFileType = image.png; path = 3m.png; sourceTree = "<group>"; };
		0772476E1F81F5FF0058D4FF /* 4.png */ = {isa = PBXFileReference; lastKnownFileType = image.png; path = 4.png; sourceTree = "<group>"; };
		0772476F1F81F5FF0058D4FF /* 4m.png */ = {isa = PBXFileReference; lastKnownFileType = image.png; path = 4m.png; sourceTree = "<group>"; };
		077247701F81F5FF0058D4FF /* 5.png */ = {isa = PBXFileReference; lastKnownFileType = image.png; path = 5.png; sourceTree = "<group>"; };
		077247711F81F5FF0058D4FF /* 5m.png */ = {isa = PBXFileReference; lastKnownFileType = image.png; path = 5m.png; sourceTree = "<group>"; };
		077247721F81F5FF0058D4FF /* 6.png */ = {isa = PBXFileReference; lastKnownFileType = image.png; path = 6.png; sourceTree = "<group>"; };
		077247731F81F5FF0058D4FF /* 6m.png */ = {isa = PBXFileReference; lastKnownFileType = image.png; path = 6m.png; sourceTree = "<group>"; };
		0775FAF41F7A2C1900034EB2 /* webViewController.m */ = {isa = PBXFileReference; fileEncoding = 4; lastKnownFileType = sourcecode.c.objc; path = webViewController.m; sourceTree = "<group>"; };
		07BB76541F7351C40008538A /* mainViewController.h */ = {isa = PBXFileReference; fileEncoding = 4; lastKnownFileType = sourcecode.c.h; path = mainViewController.h; sourceTree = "<group>"; };
		07BB76551F7351C40008538A /* mainViewController.m */ = {isa = PBXFileReference; fileEncoding = 4; lastKnownFileType = sourcecode.c.objc; path = mainViewController.m; sourceTree = "<group>"; };
		07BB76561F7351C40008538A /* webViewController.h */ = {isa = PBXFileReference; fileEncoding = 4; lastKnownFileType = sourcecode.c.h; path = webViewController.h; sourceTree = "<group>"; };
		07BB76581F7351C40008538A /* webViewTabBarController.h */ = {isa = PBXFileReference; fileEncoding = 4; lastKnownFileType = sourcecode.c.h; path = webViewTabBarController.h; sourceTree = "<group>"; };
		07BB76591F7351C40008538A /* webViewTabBarController.m */ = {isa = PBXFileReference; fileEncoding = 4; lastKnownFileType = sourcecode.c.objc; path = webViewTabBarController.m; sourceTree = "<group>"; };
		07BB765D1F7352590008538A /* UserNotifications.framework */ = {isa = PBXFileReference; lastKnownFileType = wrapper.framework; name = UserNotifications.framework; path = System/Library/Frameworks/UserNotifications.framework; sourceTree = SDKROOT; };
		2D9F18E7744B37AC054E2106 /* Pods-h5gameTests.release.xcconfig */ = {isa = PBXFileReference; includeInIndex = 1; lastKnownFileType = text.xcconfig; name = "Pods-h5gameTests.release.xcconfig"; path = "Pods/Target Support Files/Pods-h5gameTests/Pods-h5gameTests.release.xcconfig"; sourceTree = "<group>"; };
		766E04981EAC526B3D0515D4 /* Pods_h5gameUITests.framework */ = {isa = PBXFileReference; explicitFileType = wrapper.framework; includeInIndex = 0; path = Pods_h5gameUITests.framework; sourceTree = BUILT_PRODUCTS_DIR; };
		8E1894F668AA2D6F115F08B5 /* Pods-h5gameUITests.debug.xcconfig */ = {isa = PBXFileReference; includeInIndex = 1; lastKnownFileType = text.xcconfig; name = "Pods-h5gameUITests.debug.xcconfig"; path = "Pods/Target Support Files/Pods-h5gameUITests/Pods-h5gameUITests.debug.xcconfig"; sourceTree = "<group>"; };
		919A7E1AA2AD768FD3F8002F /* Pods-h5gameTests.debug.xcconfig */ = {isa = PBXFileReference; includeInIndex = 1; lastKnownFileType = text.xcconfig; name = "Pods-h5gameTests.debug.xcconfig"; path = "Pods/Target Support Files/Pods-h5gameTests/Pods-h5gameTests.debug.xcconfig"; sourceTree = "<group>"; };
		B1579E72E2FB921872786CE3 /* Pods_h5game.framework */ = {isa = PBXFileReference; explicitFileType = wrapper.framework; includeInIndex = 0; path = Pods_h5game.framework; sourceTree = BUILT_PRODUCTS_DIR; };
		C495E671339E54EB98E5A1F4 /* Pods-h5gameUITests.release.xcconfig */ = {isa = PBXFileReference; includeInIndex = 1; lastKnownFileType = text.xcconfig; name = "Pods-h5gameUITests.release.xcconfig"; path = "Pods/Target Support Files/Pods-h5gameUITests/Pods-h5gameUITests.release.xcconfig"; sourceTree = "<group>"; };
		CC1EB32DB49BCD7570063CB7 /* Pods_h5gameTests.framework */ = {isa = PBXFileReference; explicitFileType = wrapper.framework; includeInIndex = 0; path = Pods_h5gameTests.framework; sourceTree = BUILT_PRODUCTS_DIR; };
		D248ECC8ABD95C4DC61105BB /* Pods-h5game.debug.xcconfig */ = {isa = PBXFileReference; includeInIndex = 1; lastKnownFileType = text.xcconfig; name = "Pods-h5game.debug.xcconfig"; path = "Pods/Target Support Files/Pods-h5game/Pods-h5game.debug.xcconfig"; sourceTree = "<group>"; };
/* End PBXFileReference section */

/* Begin PBXFrameworksBuildPhase section */
		070CF4A91F71179A0041AEA6 /* Frameworks */ = {
			isa = PBXFrameworksBuildPhase;
			buildActionMask = 2147483647;
			files = (
				07BB765E1F7352590008538A /* UserNotifications.framework in Frameworks */,
				1542260F4E65D0B28FED3581 /* Pods_h5game.framework in Frameworks */,
			);
			runOnlyForDeploymentPostprocessing = 0;
		};
		070CF4C21F71179B0041AEA6 /* Frameworks */ = {
			isa = PBXFrameworksBuildPhase;
			buildActionMask = 2147483647;
			files = (
				3BE31017637D887C0F76879E /* Pods_h5gameTests.framework in Frameworks */,
			);
			runOnlyForDeploymentPostprocessing = 0;
		};
		070CF4CD1F71179B0041AEA6 /* Frameworks */ = {
			isa = PBXFrameworksBuildPhase;
			buildActionMask = 2147483647;
			files = (
				BFA9AE73A4D06D8A2027A7E1 /* Pods_h5gameUITests.framework in Frameworks */,
			);
			runOnlyForDeploymentPostprocessing = 0;
		};
		0772474E1F81F5E10058D4FF /* Frameworks */ = {
			isa = PBXFrameworksBuildPhase;
			buildActionMask = 2147483647;
			files = (
				077247531F81F5E10058D4FF /* Messages.framework in Frameworks */,
			);
			runOnlyForDeploymentPostprocessing = 0;
		};
/* End PBXFrameworksBuildPhase section */

/* Begin PBXGroup section */
		070CF4A31F71179A0041AEA6 = {
			isa = PBXGroup;
			children = (
				070CF4AE1F71179A0041AEA6 /* h5game */,
				070CF4C81F71179B0041AEA6 /* h5gameTests */,
				070CF4D31F71179B0041AEA6 /* h5gameUITests */,
				077247541F81F5E10058D4FF /* message */,
				070CF4AD1F71179A0041AEA6 /* Products */,
				3CABAFD845E82EF83F16C47D /* Pods */,
				25062EC63D3BE2E7502CA73A /* Frameworks */,
			);
			sourceTree = "<group>";
		};
		070CF4AD1F71179A0041AEA6 /* Products */ = {
			isa = PBXGroup;
			children = (
				070CF4AC1F71179A0041AEA6 /* h5game.app */,
				070CF4C51F71179B0041AEA6 /* h5gameTests.xctest */,
				070CF4D01F71179B0041AEA6 /* h5gameUITests.xctest */,
				077247511F81F5E10058D4FF /* message.appex */,
			);
			name = Products;
			sourceTree = "<group>";
		};
		070CF4AE1F71179A0041AEA6 /* h5game */ = {
			isa = PBXGroup;
			children = (
				07BB76531F7351B40008538A /* webView */,
				070CF4EC1F711B200041AEA6 /* game */,
				070CF4E51F711A060041AEA6 /* inH5 */,
				070CF4B21F71179A0041AEA6 /* AppDelegate.h */,
				070CF4B31F71179A0041AEA6 /* AppDelegate.m */,
				070BFEF21F7265CC002A7E9D /* NoNetViewController.h */,
				070BFEF31F7265CC002A7E9D /* NoNetViewController.m */,
				070CF4B51F71179A0041AEA6 /* ViewController.h */,
				070CF4B61F71179A0041AEA6 /* ViewController.m */,
				070CF4E21F7117C40041AEA6 /* GameWebView.h */,
				070CF4E31F7117C40041AEA6 /* GameWebView.m */,
				070CF4B81F71179A0041AEA6 /* Main.storyboard */,
				070CF4BB1F71179A0041AEA6 /* Assets.xcassets */,
				070CF4BD1F71179A0041AEA6 /* LaunchScreen.storyboard */,
				070CF4C01F71179A0041AEA6 /* Info.plist */,
				070CF4AF1F71179A0041AEA6 /* Supporting Files */,
			);
			path = h5game;
			sourceTree = "<group>";
		};
		070CF4AF1F71179A0041AEA6 /* Supporting Files */ = {
			isa = PBXGroup;
			children = (
				070CF4B01F71179A0041AEA6 /* main.m */,
			);
			name = "Supporting Files";
			sourceTree = "<group>";
		};
		070CF4C81F71179B0041AEA6 /* h5gameTests */ = {
			isa = PBXGroup;
			children = (
				070CF4C91F71179B0041AEA6 /* h5gameTests.m */,
				070CF4CB1F71179B0041AEA6 /* Info.plist */,
			);
			path = h5gameTests;
			sourceTree = "<group>";
		};
		070CF4D31F71179B0041AEA6 /* h5gameUITests */ = {
			isa = PBXGroup;
			children = (
				070CF4D41F71179B0041AEA6 /* h5gameUITests.m */,
				070CF4D61F71179B0041AEA6 /* Info.plist */,
			);
			path = h5gameUITests;
			sourceTree = "<group>";
		};
		070CF4E51F711A060041AEA6 /* inH5 */ = {
			isa = PBXGroup;
			children = (
				070CF4E61F711A110041AEA6 /* inApp.html */,
				070CF4E71F711A110041AEA6 /* inAppindex.js */,
				070CF4E81F711A110041AEA6 /* inAppjq.js */,
			);
			name = inH5;
			sourceTree = "<group>";
		};
		070CF4EC1F711B200041AEA6 /* game */ = {
			isa = PBXGroup;
			children = (
				077247471F81F3290058D4FF /* img */,
				077247481F81F3290058D4FF /* index.html */,
				077247491F81F3290058D4FF /* js */,
			);
			name = game;
			sourceTree = "<group>";
		};
		077247541F81F5E10058D4FF /* message */ = {
			isa = PBXGroup;
			children = (
				077247651F81F5FF0058D4FF /* DViewController.h */,
				077247661F81F5FF0058D4FF /* DViewController.m */,
				077247671F81F5FF0058D4FF /* pngphoto */,
				077247551F81F5E10058D4FF /* MessagesViewController.h */,
				077247561F81F5E10058D4FF /* MessagesViewController.m */,
				077247581F81F5E10058D4FF /* MainInterface.storyboard */,
				0772475B1F81F5E10058D4FF /* Assets.xcassets */,
				0772475D1F81F5E10058D4FF /* Info.plist */,
			);
			path = message;
			sourceTree = "<group>";
		};
		077247671F81F5FF0058D4FF /* pngphoto */ = {
			isa = PBXGroup;
			children = (
				077247681F81F5FF0058D4FF /* 1.png */,
				077247691F81F5FF0058D4FF /* 1m.png */,
				0772476A1F81F5FF0058D4FF /* 2.png */,
				0772476B1F81F5FF0058D4FF /* 2m.png */,
				0772476C1F81F5FF0058D4FF /* 3.png */,
				0772476D1F81F5FF0058D4FF /* 3m.png */,
				0772476E1F81F5FF0058D4FF /* 4.png */,
				0772476F1F81F5FF0058D4FF /* 4m.png */,
				077247701F81F5FF0058D4FF /* 5.png */,
				077247711F81F5FF0058D4FF /* 5m.png */,
				077247721F81F5FF0058D4FF /* 6.png */,
				077247731F81F5FF0058D4FF /* 6m.png */,
			);
			path = pngphoto;
			sourceTree = "<group>";
		};
		07BB76531F7351B40008538A /* webView */ = {
			isa = PBXGroup;
			children = (
				07BB76541F7351C40008538A /* mainViewController.h */,
				07BB76551F7351C40008538A /* mainViewController.m */,
				07BB76561F7351C40008538A /* webViewController.h */,
				0775FAF41F7A2C1900034EB2 /* webViewController.m */,
				07BB76581F7351C40008538A /* webViewTabBarController.h */,
				07BB76591F7351C40008538A /* webViewTabBarController.m */,
			);
			name = webView;
			sourceTree = "<group>";
		};
		25062EC63D3BE2E7502CA73A /* Frameworks */ = {
			isa = PBXGroup;
			children = (
				07BB765D1F7352590008538A /* UserNotifications.framework */,
				B1579E72E2FB921872786CE3 /* Pods_h5game.framework */,
				CC1EB32DB49BCD7570063CB7 /* Pods_h5gameTests.framework */,
				766E04981EAC526B3D0515D4 /* Pods_h5gameUITests.framework */,
				077247521F81F5E10058D4FF /* Messages.framework */,
			);
			name = Frameworks;
			sourceTree = "<group>";
		};
		3CABAFD845E82EF83F16C47D /* Pods */ = {
			isa = PBXGroup;
			children = (
				D248ECC8ABD95C4DC61105BB /* Pods-h5game.debug.xcconfig */,
				05E1351C18DFEBD00CD10F19 /* Pods-h5game.release.xcconfig */,
				919A7E1AA2AD768FD3F8002F /* Pods-h5gameTests.debug.xcconfig */,
				2D9F18E7744B37AC054E2106 /* Pods-h5gameTests.release.xcconfig */,
				8E1894F668AA2D6F115F08B5 /* Pods-h5gameUITests.debug.xcconfig */,
				C495E671339E54EB98E5A1F4 /* Pods-h5gameUITests.release.xcconfig */,
			);
			name = Pods;
			sourceTree = "<group>";
		};
/* End PBXGroup section */

/* Begin PBXNativeTarget section */
		070CF4AB1F71179A0041AEA6 /* h5game */ = {
			isa = PBXNativeTarget;
			buildConfigurationList = 070CF4D91F71179B0041AEA6 /* Build configuration list for PBXNativeTarget "h5game" */;
			buildPhases = (
				29E584EDB98E2BC58540EAC2 /* [CP] Check Pods Manifest.lock */,
				070CF4A81F71179A0041AEA6 /* Sources */,
				070CF4A91F71179A0041AEA6 /* Frameworks */,
				070CF4AA1F71179A0041AEA6 /* Resources */,
				817ACBAA69E695329BE90E95 /* [CP] Embed Pods Frameworks */,
				4A394DE32E802D544261BF96 /* [CP] Copy Pods Resources */,
				077247641F81F5E10058D4FF /* Embed App Extensions */,
			);
			buildRules = (
			);
			dependencies = (
				0772475F1F81F5E10058D4FF /* PBXTargetDependency */,
			);
			name = h5game;
			productName = h5game;
			productReference = 070CF4AC1F71179A0041AEA6 /* h5game.app */;
			productType = "com.apple.product-type.application";
		};
		070CF4C41F71179B0041AEA6 /* h5gameTests */ = {
			isa = PBXNativeTarget;
			buildConfigurationList = 070CF4DC1F71179B0041AEA6 /* Build configuration list for PBXNativeTarget "h5gameTests" */;
			buildPhases = (
				7C932B0BDDECAD1B468D5129 /* [CP] Check Pods Manifest.lock */,
				070CF4C11F71179B0041AEA6 /* Sources */,
				070CF4C21F71179B0041AEA6 /* Frameworks */,
				070CF4C31F71179B0041AEA6 /* Resources */,
				07E25E6A353DAAF6DD28C0FF /* [CP] Embed Pods Frameworks */,
				C2DDF73F5FF1A73ABA364F05 /* [CP] Copy Pods Resources */,
			);
			buildRules = (
			);
			dependencies = (
				070CF4C71F71179B0041AEA6 /* PBXTargetDependency */,
			);
			name = h5gameTests;
			productName = h5gameTests;
			productReference = 070CF4C51F71179B0041AEA6 /* h5gameTests.xctest */;
			productType = "com.apple.product-type.bundle.unit-test";
		};
		070CF4CF1F71179B0041AEA6 /* h5gameUITests */ = {
			isa = PBXNativeTarget;
			buildConfigurationList = 070CF4DF1F71179B0041AEA6 /* Build configuration list for PBXNativeTarget "h5gameUITests" */;
			buildPhases = (
				F652C2573A17A90AEE1CEB64 /* [CP] Check Pods Manifest.lock */,
				070CF4CC1F71179B0041AEA6 /* Sources */,
				070CF4CD1F71179B0041AEA6 /* Frameworks */,
				070CF4CE1F71179B0041AEA6 /* Resources */,
				113A4509B6FBE774608C1847 /* [CP] Embed Pods Frameworks */,
				01DC87163F2C29062033C9CF /* [CP] Copy Pods Resources */,
			);
			buildRules = (
			);
			dependencies = (
				070CF4D21F71179B0041AEA6 /* PBXTargetDependency */,
			);
			name = h5gameUITests;
			productName = h5gameUITests;
			productReference = 070CF4D01F71179B0041AEA6 /* h5gameUITests.xctest */;
			productType = "com.apple.product-type.bundle.ui-testing";
		};
		077247501F81F5E10058D4FF /* message */ = {
			isa = PBXNativeTarget;
			buildConfigurationList = 077247611F81F5E10058D4FF /* Build configuration list for PBXNativeTarget "message" */;
			buildPhases = (
				0772474D1F81F5E10058D4FF /* Sources */,
				0772474E1F81F5E10058D4FF /* Frameworks */,
				0772474F1F81F5E10058D4FF /* Resources */,
			);
			buildRules = (
			);
			dependencies = (
			);
			name = message;
			productName = message;
			productReference = 077247511F81F5E10058D4FF /* message.appex */;
			productType = "com.apple.product-type.app-extension.messages";
		};
/* End PBXNativeTarget section */

/* Begin PBXProject section */
		070CF4A41F71179A0041AEA6 /* Project object */ = {
			isa = PBXProject;
			attributes = {
				LastUpgradeCheck = 0830;
				ORGANIZATIONNAME = shilei;
				TargetAttributes = {
					070CF4AB1F71179A0041AEA6 = {
						CreatedOnToolsVersion = 8.3.3;
						DevelopmentTeam = ZUYU68XH82;
						ProvisioningStyle = Automatic;
					};
					070CF4C41F71179B0041AEA6 = {
						CreatedOnToolsVersion = 8.3.3;
						DevelopmentTeam = ZUYU68XH82;
						ProvisioningStyle = Automatic;
						TestTargetID = 070CF4AB1F71179A0041AEA6;
					};
					070CF4CF1F71179B0041AEA6 = {
						CreatedOnToolsVersion = 8.3.3;
						DevelopmentTeam = ZUYU68XH82;
						ProvisioningStyle = Automatic;
						TestTargetID = 070CF4AB1F71179A0041AEA6;
					};
					077247501F81F5E10058D4FF = {
						CreatedOnToolsVersion = 8.3.3;
						DevelopmentTeam = ZUYU68XH82;
						ProvisioningStyle = Automatic;
					};
				};
			};
			buildConfigurationList = 070CF4A71F71179A0041AEA6 /* Build configuration list for PBXProject "h5game" */;
			compatibilityVersion = "Xcode 3.2";
			developmentRegion = English;
			hasScannedForEncodings = 0;
			knownRegions = (
				en,
				Base,
			);
			mainGroup = 070CF4A31F71179A0041AEA6;
			productRefGroup = 070CF4AD1F71179A0041AEA6 /* Products */;
			projectDirPath = "";
			projectRoot = "";
			targets = (
				070CF4AB1F71179A0041AEA6 /* h5game */,
				070CF4C41F71179B0041AEA6 /* h5gameTests */,
				070CF4CF1F71179B0041AEA6 /* h5gameUITests */,
				077247501F81F5E10058D4FF /* message */,
			);
		};
/* End PBXProject section */

/* Begin PBXResourcesBuildPhase section */
		070CF4AA1F71179A0041AEA6 /* Resources */ = {
			isa = PBXResourcesBuildPhase;
			buildActionMask = 2147483647;
			files = (
				070CF4EB1F711A110041AEA6 /* inAppjq.js in Resources */,
				0772474C1F81F3290058D4FF /* js in Resources */,
				070CF4BF1F71179A0041AEA6 /* LaunchScreen.storyboard in Resources */,
				0772474A1F81F3290058D4FF /* img in Resources */,
				070CF4E91F711A110041AEA6 /* inApp.html in Resources */,
				070CF4BC1F71179A0041AEA6 /* Assets.xcassets in Resources */,
				0772474B1F81F3290058D4FF /* index.html in Resources */,
				070CF4BA1F71179A0041AEA6 /* Main.storyboard in Resources */,
				070CF4EA1F711A110041AEA6 /* inAppindex.js in Resources */,
			);
			runOnlyForDeploymentPostprocessing = 0;
		};
		070CF4C31F71179B0041AEA6 /* Resources */ = {
			isa = PBXResourcesBuildPhase;
			buildActionMask = 2147483647;
			files = (
			);
			runOnlyForDeploymentPostprocessing = 0;
		};
		070CF4CE1F71179B0041AEA6 /* Resources */ = {
			isa = PBXResourcesBuildPhase;
			buildActionMask = 2147483647;
			files = (
			);
			runOnlyForDeploymentPostprocessing = 0;
		};
		0772474F1F81F5E10058D4FF /* Resources */ = {
			isa = PBXResourcesBuildPhase;
			buildActionMask = 2147483647;
			files = (
				0772477D1F81F5FF0058D4FF /* 5.png in Resources */,
				0772477C1F81F5FF0058D4FF /* 4m.png in Resources */,
				077247801F81F5FF0058D4FF /* 6m.png in Resources */,
				0772477B1F81F5FF0058D4FF /* 4.png in Resources */,
				077247751F81F5FF0058D4FF /* 1.png in Resources */,
				0772477A1F81F5FF0058D4FF /* 3m.png in Resources */,
				0772475C1F81F5E10058D4FF /* Assets.xcassets in Resources */,
				0772477F1F81F5FF0058D4FF /* 6.png in Resources */,
				077247781F81F5FF0058D4FF /* 2m.png in Resources */,
				077247771F81F5FF0058D4FF /* 2.png in Resources */,
				0772475A1F81F5E10058D4FF /* MainInterface.storyboard in Resources */,
				077247791F81F5FF0058D4FF /* 3.png in Resources */,
				077247761F81F5FF0058D4FF /* 1m.png in Resources */,
				0772477E1F81F5FF0058D4FF /* 5m.png in Resources */,
			);
			runOnlyForDeploymentPostprocessing = 0;
		};
/* End PBXResourcesBuildPhase section */

/* Begin PBXShellScriptBuildPhase section */
		01DC87163F2C29062033C9CF /* [CP] Copy Pods Resources */ = {
			isa = PBXShellScriptBuildPhase;
			buildActionMask = 2147483647;
			files = (
			);
			inputPaths = (
			);
			name = "[CP] Copy Pods Resources";
			outputPaths = (
			);
			runOnlyForDeploymentPostprocessing = 0;
			shellPath = /bin/sh;
			shellScript = "\"${SRCROOT}/Pods/Target Support Files/Pods-h5gameUITests/Pods-h5gameUITests-resources.sh\"\n";
			showEnvVarsInLog = 0;
		};
		07E25E6A353DAAF6DD28C0FF /* [CP] Embed Pods Frameworks */ = {
			isa = PBXShellScriptBuildPhase;
			buildActionMask = 2147483647;
			files = (
			);
			inputPaths = (
			);
			name = "[CP] Embed Pods Frameworks";
			outputPaths = (
			);
			runOnlyForDeploymentPostprocessing = 0;
			shellPath = /bin/sh;
			shellScript = "\"${SRCROOT}/Pods/Target Support Files/Pods-h5gameTests/Pods-h5gameTests-frameworks.sh\"\n";
			showEnvVarsInLog = 0;
		};
		113A4509B6FBE774608C1847 /* [CP] Embed Pods Frameworks */ = {
			isa = PBXShellScriptBuildPhase;
			buildActionMask = 2147483647;
			files = (
			);
			inputPaths = (
			);
			name = "[CP] Embed Pods Frameworks";
			outputPaths = (
			);
			runOnlyForDeploymentPostprocessing = 0;
			shellPath = /bin/sh;
			shellScript = "\"${SRCROOT}/Pods/Target Support Files/Pods-h5gameUITests/Pods-h5gameUITests-frameworks.sh\"\n";
			showEnvVarsInLog = 0;
		};
		29E584EDB98E2BC58540EAC2 /* [CP] Check Pods Manifest.lock */ = {
			isa = PBXShellScriptBuildPhase;
			buildActionMask = 2147483647;
			files = (
			);
			inputPaths = (
				"${PODS_PODFILE_DIR_PATH}/Podfile.lock",
				"${PODS_ROOT}/Manifest.lock",
			);
			name = "[CP] Check Pods Manifest.lock";
			outputPaths = (
				"$(DERIVED_FILE_DIR)/Pods-h5game-checkManifestLockResult.txt",
			);
			runOnlyForDeploymentPostprocessing = 0;
			shellPath = /bin/sh;
			shellScript = "diff \"${PODS_PODFILE_DIR_PATH}/Podfile.lock\" \"${PODS_ROOT}/Manifest.lock\" > /dev/null\nif [ $? != 0 ] ; then\n    # print error to STDERR\n    echo \"error: The sandbox is not in sync with the Podfile.lock. Run 'pod install' or update your CocoaPods installation.\" >&2\n    exit 1\nfi\n# This output is used by Xcode 'outputs' to avoid re-running this script phase.\necho \"SUCCESS\" > \"${SCRIPT_OUTPUT_FILE_0}\"\n";
			showEnvVarsInLog = 0;
		};
		4A394DE32E802D544261BF96 /* [CP] Copy Pods Resources */ = {
			isa = PBXShellScriptBuildPhase;
			buildActionMask = 2147483647;
			files = (
			);
			inputPaths = (
			);
			name = "[CP] Copy Pods Resources";
			outputPaths = (
			);
			runOnlyForDeploymentPostprocessing = 0;
			shellPath = /bin/sh;
			shellScript = "\"${SRCROOT}/Pods/Target Support Files/Pods-h5game/Pods-h5game-resources.sh\"\n";
			showEnvVarsInLog = 0;
		};
		7C932B0BDDECAD1B468D5129 /* [CP] Check Pods Manifest.lock */ = {
			isa = PBXShellScriptBuildPhase;
			buildActionMask = 2147483647;
			files = (
			);
			inputPaths = (
				"${PODS_PODFILE_DIR_PATH}/Podfile.lock",
				"${PODS_ROOT}/Manifest.lock",
			);
			name = "[CP] Check Pods Manifest.lock";
			outputPaths = (
				"$(DERIVED_FILE_DIR)/Pods-h5gameTests-checkManifestLockResult.txt",
			);
			runOnlyForDeploymentPostprocessing = 0;
			shellPath = /bin/sh;
			shellScript = "diff \"${PODS_PODFILE_DIR_PATH}/Podfile.lock\" \"${PODS_ROOT}/Manifest.lock\" > /dev/null\nif [ $? != 0 ] ; then\n    # print error to STDERR\n    echo \"error: The sandbox is not in sync with the Podfile.lock. Run 'pod install' or update your CocoaPods installation.\" >&2\n    exit 1\nfi\n# This output is used by Xcode 'outputs' to avoid re-running this script phase.\necho \"SUCCESS\" > \"${SCRIPT_OUTPUT_FILE_0}\"\n";
			showEnvVarsInLog = 0;
		};
		817ACBAA69E695329BE90E95 /* [CP] Embed Pods Frameworks */ = {
			isa = PBXShellScriptBuildPhase;
			buildActionMask = 2147483647;
			files = (
			);
			inputPaths = (
				"${SRCROOT}/Pods/Target Support Files/Pods-h5game/Pods-h5game-frameworks.sh",
				"${BUILT_PRODUCTS_DIR}/AFNetworking/AFNetworking.framework",
				"${BUILT_PRODUCTS_DIR}/Masonry/Masonry.framework",
				"${BUILT_PRODUCTS_DIR}/SVProgressHUD/SVProgressHUD.framework",
				"${BUILT_PRODUCTS_DIR}/ScottAlertController/ScottAlertController.framework",
				"${BUILT_PRODUCTS_DIR}/StreamingKit/StreamingKit.framework",
			);
			name = "[CP] Embed Pods Frameworks";
			outputPaths = (
				"${TARGET_BUILD_DIR}/${FRAMEWORKS_FOLDER_PATH}/AFNetworking.framework",
				"${TARGET_BUILD_DIR}/${FRAMEWORKS_FOLDER_PATH}/Masonry.framework",
				"${TARGET_BUILD_DIR}/${FRAMEWORKS_FOLDER_PATH}/SVProgressHUD.framework",
				"${TARGET_BUILD_DIR}/${FRAMEWORKS_FOLDER_PATH}/ScottAlertController.framework",
				"${TARGET_BUILD_DIR}/${FRAMEWORKS_FOLDER_PATH}/StreamingKit.framework",
			);
			runOnlyForDeploymentPostprocessing = 0;
			shellPath = /bin/sh;
			shellScript = "\"${SRCROOT}/Pods/Target Support Files/Pods-h5game/Pods-h5game-frameworks.sh\"\n";
			showEnvVarsInLog = 0;
		};
		C2DDF73F5FF1A73ABA364F05 /* [CP] Copy Pods Resources */ = {
			isa = PBXShellScriptBuildPhase;
			buildActionMask = 2147483647;
			files = (
			);
			inputPaths = (
			);
			name = "[CP] Copy Pods Resources";
			outputPaths = (
			);
			runOnlyForDeploymentPostprocessing = 0;
			shellPath = /bin/sh;
			shellScript = "\"${SRCROOT}/Pods/Target Support Files/Pods-h5gameTests/Pods-h5gameTests-resources.sh\"\n";
			showEnvVarsInLog = 0;
		};
		F652C2573A17A90AEE1CEB64 /* [CP] Check Pods Manifest.lock */ = {
			isa = PBXShellScriptBuildPhase;
			buildActionMask = 2147483647;
			files = (
			);
			inputPaths = (
				"${PODS_PODFILE_DIR_PATH}/Podfile.lock",
				"${PODS_ROOT}/Manifest.lock",
			);
			name = "[CP] Check Pods Manifest.lock";
			outputPaths = (
				"$(DERIVED_FILE_DIR)/Pods-h5gameUITests-checkManifestLockResult.txt",
			);
			runOnlyForDeploymentPostprocessing = 0;
			shellPath = /bin/sh;
			shellScript = "diff \"${PODS_PODFILE_DIR_PATH}/Podfile.lock\" \"${PODS_ROOT}/Manifest.lock\" > /dev/null\nif [ $? != 0 ] ; then\n    # print error to STDERR\n    echo \"error: The sandbox is not in sync with the Podfile.lock. Run 'pod install' or update your CocoaPods installation.\" >&2\n    exit 1\nfi\n# This output is used by Xcode 'outputs' to avoid re-running this script phase.\necho \"SUCCESS\" > \"${SCRIPT_OUTPUT_FILE_0}\"\n";
			showEnvVarsInLog = 0;
		};
/* End PBXShellScriptBuildPhase section */

/* Begin PBXSourcesBuildPhase section */
		070CF4A81F71179A0041AEA6 /* Sources */ = {
			isa = PBXSourcesBuildPhase;
			buildActionMask = 2147483647;
			files = (
				070CF4B71F71179A0041AEA6 /* ViewController.m in Sources */,
				070CF4B41F71179A0041AEA6 /* AppDelegate.m in Sources */,
				070BFEF41F7265CC002A7E9D /* NoNetViewController.m in Sources */,
				0775FAF51F7A2C1900034EB2 /* webViewController.m in Sources */,
				07BB765A1F7351C40008538A /* mainViewController.m in Sources */,
				07BB765C1F7351C40008538A /* webViewTabBarController.m in Sources */,
				070CF4B11F71179A0041AEA6 /* main.m in Sources */,
				070CF4E41F7117C40041AEA6 /* GameWebView.m in Sources */,
			);
			runOnlyForDeploymentPostprocessing = 0;
		};
		070CF4C11F71179B0041AEA6 /* Sources */ = {
			isa = PBXSourcesBuildPhase;
			buildActionMask = 2147483647;
			files = (
				070CF4CA1F71179B0041AEA6 /* h5gameTests.m in Sources */,
			);
			runOnlyForDeploymentPostprocessing = 0;
		};
		070CF4CC1F71179B0041AEA6 /* Sources */ = {
			isa = PBXSourcesBuildPhase;
			buildActionMask = 2147483647;
			files = (
				070CF4D51F71179B0041AEA6 /* h5gameUITests.m in Sources */,
			);
			runOnlyForDeploymentPostprocessing = 0;
		};
		0772474D1F81F5E10058D4FF /* Sources */ = {
			isa = PBXSourcesBuildPhase;
			buildActionMask = 2147483647;
			files = (
				077247571F81F5E10058D4FF /* MessagesViewController.m in Sources */,
				077247741F81F5FF0058D4FF /* DViewController.m in Sources */,
			);
			runOnlyForDeploymentPostprocessing = 0;
		};
/* End PBXSourcesBuildPhase section */

/* Begin PBXTargetDependency section */
		070CF4C71F71179B0041AEA6 /* PBXTargetDependency */ = {
			isa = PBXTargetDependency;
			target = 070CF4AB1F71179A0041AEA6 /* h5game */;
			targetProxy = 070CF4C61F71179B0041AEA6 /* PBXContainerItemProxy */;
		};
		070CF4D21F71179B0041AEA6 /* PBXTargetDependency */ = {
			isa = PBXTargetDependency;
			target = 070CF4AB1F71179A0041AEA6 /* h5game */;
			targetProxy = 070CF4D11F71179B0041AEA6 /* PBXContainerItemProxy */;
		};
		0772475F1F81F5E10058D4FF /* PBXTargetDependency */ = {
			isa = PBXTargetDependency;
			target = 077247501F81F5E10058D4FF /* message */;
			targetProxy = 0772475E1F81F5E10058D4FF /* PBXContainerItemProxy */;
		};
/* End PBXTargetDependency section */

/* Begin PBXVariantGroup section */
		070CF4B81F71179A0041AEA6 /* Main.storyboard */ = {
			isa = PBXVariantGroup;
			children = (
				070CF4B91F71179A0041AEA6 /* Base */,
			);
			name = Main.storyboard;
			sourceTree = "<group>";
		};
		070CF4BD1F71179A0041AEA6 /* LaunchScreen.storyboard */ = {
			isa = PBXVariantGroup;
			children = (
				070CF4BE1F71179A0041AEA6 /* Base */,
			);
			name = LaunchScreen.storyboard;
			sourceTree = "<group>";
		};
		077247581F81F5E10058D4FF /* MainInterface.storyboard */ = {
			isa = PBXVariantGroup;
			children = (
				077247591F81F5E10058D4FF /* Base */,
			);
			name = MainInterface.storyboard;
			sourceTree = "<group>";
		};
/* End PBXVariantGroup section */

/* Begin XCBuildConfiguration section */
		070CF4D71F71179B0041AEA6 /* Debug */ = {
			isa = XCBuildConfiguration;
			buildSettings = {
				ALWAYS_SEARCH_USER_PATHS = NO;
				CLANG_ANALYZER_NONNULL = YES;
				CLANG_ANALYZER_NUMBER_OBJECT_CONVERSION = YES_AGGRESSIVE;
				CLANG_CXX_LANGUAGE_STANDARD = "gnu++0x";
				CLANG_CXX_LIBRARY = "libc++";
				CLANG_ENABLE_MODULES = YES;
				CLANG_ENABLE_OBJC_ARC = YES;
				CLANG_WARN_BOOL_CONVERSION = YES;
				CLANG_WARN_CONSTANT_CONVERSION = YES;
				CLANG_WARN_DIRECT_OBJC_ISA_USAGE = YES_ERROR;
				CLANG_WARN_DOCUMENTATION_COMMENTS = YES;
				CLANG_WARN_EMPTY_BODY = YES;
				CLANG_WARN_ENUM_CONVERSION = YES;
				CLANG_WARN_INFINITE_RECURSION = YES;
				CLANG_WARN_INT_CONVERSION = YES;
				CLANG_WARN_OBJC_ROOT_CLASS = YES_ERROR;
				CLANG_WARN_SUSPICIOUS_MOVE = YES;
				CLANG_WARN_UNREACHABLE_CODE = YES;
				CLANG_WARN__DUPLICATE_METHOD_MATCH = YES;
				"CODE_SIGN_IDENTITY[sdk=iphoneos*]" = "iPhone Developer";
				COPY_PHASE_STRIP = NO;
				DEBUG_INFORMATION_FORMAT = dwarf;
				ENABLE_STRICT_OBJC_MSGSEND = YES;
				ENABLE_TESTABILITY = YES;
				GCC_C_LANGUAGE_STANDARD = gnu99;
				GCC_DYNAMIC_NO_PIC = NO;
				GCC_NO_COMMON_BLOCKS = YES;
				GCC_OPTIMIZATION_LEVEL = 0;
				GCC_PREPROCESSOR_DEFINITIONS = (
					"DEBUG=1",
					"$(inherited)",
				);
				GCC_WARN_64_TO_32_BIT_CONVERSION = YES;
				GCC_WARN_ABOUT_RETURN_TYPE = YES_ERROR;
				GCC_WARN_UNDECLARED_SELECTOR = YES;
				GCC_WARN_UNINITIALIZED_AUTOS = YES_AGGRESSIVE;
				GCC_WARN_UNUSED_FUNCTION = YES;
				GCC_WARN_UNUSED_VARIABLE = YES;
				IPHONEOS_DEPLOYMENT_TARGET = 10.3;
				MTL_ENABLE_DEBUG_INFO = YES;
				ONLY_ACTIVE_ARCH = YES;
				SDKROOT = iphoneos;
			};
			name = Debug;
		};
		070CF4D81F71179B0041AEA6 /* Release */ = {
			isa = XCBuildConfiguration;
			buildSettings = {
				ALWAYS_SEARCH_USER_PATHS = NO;
				CLANG_ANALYZER_NONNULL = YES;
				CLANG_ANALYZER_NUMBER_OBJECT_CONVERSION = YES_AGGRESSIVE;
				CLANG_CXX_LANGUAGE_STANDARD = "gnu++0x";
				CLANG_CXX_LIBRARY = "libc++";
				CLANG_ENABLE_MODULES = YES;
				CLANG_ENABLE_OBJC_ARC = YES;
				CLANG_WARN_BOOL_CONVERSION = YES;
				CLANG_WARN_CONSTANT_CONVERSION = YES;
				CLANG_WARN_DIRECT_OBJC_ISA_USAGE = YES_ERROR;
				CLANG_WARN_DOCUMENTATION_COMMENTS = YES;
				CLANG_WARN_EMPTY_BODY = YES;
				CLANG_WARN_ENUM_CONVERSION = YES;
				CLANG_WARN_INFINITE_RECURSION = YES;
				CLANG_WARN_INT_CONVERSION = YES;
				CLANG_WARN_OBJC_ROOT_CLASS = YES_ERROR;
				CLANG_WARN_SUSPICIOUS_MOVE = YES;
				CLANG_WARN_UNREACHABLE_CODE = YES;
				CLANG_WARN__DUPLICATE_METHOD_MATCH = YES;
				"CODE_SIGN_IDENTITY[sdk=iphoneos*]" = "iPhone Developer";
				COPY_PHASE_STRIP = NO;
				DEBUG_INFORMATION_FORMAT = "dwarf-with-dsym";
				ENABLE_NS_ASSERTIONS = NO;
				ENABLE_STRICT_OBJC_MSGSEND = YES;
				GCC_C_LANGUAGE_STANDARD = gnu99;
				GCC_NO_COMMON_BLOCKS = YES;
				GCC_WARN_64_TO_32_BIT_CONVERSION = YES;
				GCC_WARN_ABOUT_RETURN_TYPE = YES_ERROR;
				GCC_WARN_UNDECLARED_SELECTOR = YES;
				GCC_WARN_UNINITIALIZED_AUTOS = YES_AGGRESSIVE;
				GCC_WARN_UNUSED_FUNCTION = YES;
				GCC_WARN_UNUSED_VARIABLE = YES;
				IPHONEOS_DEPLOYMENT_TARGET = 10.3;
				MTL_ENABLE_DEBUG_INFO = NO;
				SDKROOT = iphoneos;
				VALIDATE_PRODUCT = YES;
			};
			name = Release;
		};
		070CF4DA1F71179B0041AEA6 /* Debug */ = {
			isa = XCBuildConfiguration;
			baseConfigurationReference = D248ECC8ABD95C4DC61105BB /* Pods-h5game.debug.xcconfig */;
			buildSettings = {
				ASSETCATALOG_COMPILER_APPICON_NAME = AppIcon;
				DEVELOPMENT_TEAM = ZUYU68XH82;
				INFOPLIST_FILE = h5game/Info.plist;
				LD_RUNPATH_SEARCH_PATHS = "$(inherited) @executable_path/Frameworks";
				PRODUCT_BUNDLE_IDENTIFIER = com.shilei.h5game;
				PRODUCT_NAME = "$(TARGET_NAME)";
			};
			name = Debug;
		};
		070CF4DB1F71179B0041AEA6 /* Release */ = {
			isa = XCBuildConfiguration;
			baseConfigurationReference = 05E1351C18DFEBD00CD10F19 /* Pods-h5game.release.xcconfig */;
			buildSettings = {
				ASSETCATALOG_COMPILER_APPICON_NAME = AppIcon;
				DEVELOPMENT_TEAM = ZUYU68XH82;
				INFOPLIST_FILE = h5game/Info.plist;
				LD_RUNPATH_SEARCH_PATHS = "$(inherited) @executable_path/Frameworks";
				PRODUCT_BUNDLE_IDENTIFIER = com.shilei.h5game;
				PRODUCT_NAME = "$(TARGET_NAME)";
			};
			name = Release;
		};
		070CF4DD1F71179B0041AEA6 /* Debug */ = {
			isa = XCBuildConfiguration;
			baseConfigurationReference = 919A7E1AA2AD768FD3F8002F /* Pods-h5gameTests.debug.xcconfig */;
			buildSettings = {
				BUNDLE_LOADER = "$(TEST_HOST)";
				DEVELOPMENT_TEAM = ZUYU68XH82;
				INFOPLIST_FILE = h5gameTests/Info.plist;
				LD_RUNPATH_SEARCH_PATHS = "$(inherited) @executable_path/Frameworks @loader_path/Frameworks";
				PRODUCT_BUNDLE_IDENTIFIER = com.shilei.h5gameTests;
				PRODUCT_NAME = "$(TARGET_NAME)";
				TEST_HOST = "$(BUILT_PRODUCTS_DIR)/h5game.app/h5game";
			};
			name = Debug;
		};
		070CF4DE1F71179B0041AEA6 /* Release */ = {
			isa = XCBuildConfiguration;
			baseConfigurationReference = 2D9F18E7744B37AC054E2106 /* Pods-h5gameTests.release.xcconfig */;
			buildSettings = {
				BUNDLE_LOADER = "$(TEST_HOST)";
				DEVELOPMENT_TEAM = ZUYU68XH82;
				INFOPLIST_FILE = h5gameTests/Info.plist;
				LD_RUNPATH_SEARCH_PATHS = "$(inherited) @executable_path/Frameworks @loader_path/Frameworks";
				PRODUCT_BUNDLE_IDENTIFIER = com.shilei.h5gameTests;
				PRODUCT_NAME = "$(TARGET_NAME)";
				TEST_HOST = "$(BUILT_PRODUCTS_DIR)/h5game.app/h5game";
			};
			name = Release;
		};
		070CF4E01F71179B0041AEA6 /* Debug */ = {
			isa = XCBuildConfiguration;
			baseConfigurationReference = 8E1894F668AA2D6F115F08B5 /* Pods-h5gameUITests.debug.xcconfig */;
			buildSettings = {
				DEVELOPMENT_TEAM = ZUYU68XH82;
				INFOPLIST_FILE = h5gameUITests/Info.plist;
				LD_RUNPATH_SEARCH_PATHS = "$(inherited) @executable_path/Frameworks @loader_path/Frameworks";
				PRODUCT_BUNDLE_IDENTIFIER = com.shilei.h5gameUITests;
				PRODUCT_NAME = "$(TARGET_NAME)";
				TEST_TARGET_NAME = h5game;
			};
			name = Debug;
		};
		070CF4E11F71179B0041AEA6 /* Release */ = {
			isa = XCBuildConfiguration;
			baseConfigurationReference = C495E671339E54EB98E5A1F4 /* Pods-h5gameUITests.release.xcconfig */;
			buildSettings = {
				DEVELOPMENT_TEAM = ZUYU68XH82;
				INFOPLIST_FILE = h5gameUITests/Info.plist;
				LD_RUNPATH_SEARCH_PATHS = "$(inherited) @executable_path/Frameworks @loader_path/Frameworks";
				PRODUCT_BUNDLE_IDENTIFIER = com.shilei.h5gameUITests;
				PRODUCT_NAME = "$(TARGET_NAME)";
				TEST_TARGET_NAME = h5game;
			};
			name = Release;
		};
		077247621F81F5E10058D4FF /* Debug */ = {
			isa = XCBuildConfiguration;
			buildSettings = {
				ASSETCATALOG_COMPILER_APPICON_NAME = "iMessage App Icon";
				DEVELOPMENT_TEAM = ZUYU68XH82;
				INFOPLIST_FILE = message/Info.plist;
				LD_RUNPATH_SEARCH_PATHS = "$(inherited) @executable_path/Frameworks @executable_path/../../Frameworks";
				PRODUCT_BUNDLE_IDENTIFIER = com.shilei.h5game.message;
				PRODUCT_NAME = "$(TARGET_NAME)";
				SKIP_INSTALL = YES;
			};
			name = Debug;
		};
		077247631F81F5E10058D4FF /* Release */ = {
			isa = XCBuildConfiguration;
			buildSettings = {
				ASSETCATALOG_COMPILER_APPICON_NAME = "iMessage App Icon";
				DEVELOPMENT_TEAM = ZUYU68XH82;
				INFOPLIST_FILE = message/Info.plist;
				LD_RUNPATH_SEARCH_PATHS = "$(inherited) @executable_path/Frameworks @executable_path/../../Frameworks";
				PRODUCT_BUNDLE_IDENTIFIER = com.shilei.h5game.message;
				PRODUCT_NAME = "$(TARGET_NAME)";
				SKIP_INSTALL = YES;
			};
			name = Release;
		};
/* End XCBuildConfiguration section */

/* Begin XCConfigurationList section */
		070CF4A71F71179A0041AEA6 /* Build configuration list for PBXProject "h5game" */ = {
			isa = XCConfigurationList;
			buildConfigurations = (
				070CF4D71F71179B0041AEA6 /* Debug */,
				070CF4D81F71179B0041AEA6 /* Release */,
			);
			defaultConfigurationIsVisible = 0;
			defaultConfigurationName = Release;
		};
		070CF4D91F71179B0041AEA6 /* Build configuration list for PBXNativeTarget "h5game" */ = {
			isa = XCConfigurationList;
			buildConfigurations = (
				070CF4DA1F71179B0041AEA6 /* Debug */,
				070CF4DB1F71179B0041AEA6 /* Release */,
			);
			defaultConfigurationIsVisible = 0;
			defaultConfigurationName = Release;
		};
		070CF4DC1F71179B0041AEA6 /* Build configuration list for PBXNativeTarget "h5gameTests" */ = {
			isa = XCConfigurationList;
			buildConfigurations = (
				070CF4DD1F71179B0041AEA6 /* Debug */,
				070CF4DE1F71179B0041AEA6 /* Release */,
			);
			defaultConfigurationIsVisible = 0;
			defaultConfigurationName = Release;
		};
		070CF4DF1F71179B0041AEA6 /* Build configuration list for PBXNativeTarget "h5gameUITests" */ = {
			isa = XCConfigurationList;
			buildConfigurations = (
				070CF4E01F71179B0041AEA6 /* Debug */,
				070CF4E11F71179B0041AEA6 /* Release */,
			);
			defaultConfigurationIsVisible = 0;
			defaultConfigurationName = Release;
		};
		077247611F81F5E10058D4FF /* Build configuration list for PBXNativeTarget "message" */ = {
			isa = XCConfigurationList;
			buildConfigurations = (
				077247621F81F5E10058D4FF /* Debug */,
				077247631F81F5E10058D4FF /* Release */,
			);
			defaultConfigurationIsVisible = 0;
		};
/* End XCConfigurationList section */
	};
	rootObject = 070CF4A41F71179A0041AEA6 /* Project object */;
}
